
Microsoft Visual Studio Solution File, Format Version 12.00
# Visual Studio Version 17
VisualStudioVersion = 17.0.31903.59
MinimumVisualStudioVersion = 10.0.40219.1
Project("{2150E333-8FDC-42A3-9474-1A3956D46DE8}") = "src", "src", "{827E0CD3-B72D-47B6-A68D-7590B98EB39B}"
EndProject
Project("{FAE04EC0-301F-11D3-BF4B-00C04F79EFBC}") = "BirraPoint.Api", "src\BirraPoint.Api\BirraPoint.Api.csproj", "{FCC7A73F-2D4F-4FBA-A08F-33E50F8E3CA1}"
EndProject
Project("{2150E333-8FDC-42A3-9474-1A3956D46DE8}") = "tests", "tests", "{0AB3BF05-4346-4AA6-1389-037BE0695223}"
EndProject
Project("{FAE04EC0-301F-11D3-BF4B-00C04F79EFBC}") = "BirraPoint.Api.UnitTests", "tests\BirraPoint.Api.UnitTests\BirraPoint.Api.UnitTests.csproj", "{AF10D0E1-62E5-467A-B5AE-FBA3E9C5D546}"
EndProject
Project("{FAE04EC0-301F-11D3-BF4B-00C04F79EFBC}") = "BirraPoint.Api.IntegrationTests", "tests\BirraPoint.Api.IntegrationTests\BirraPoint.Api.IntegrationTests.csproj", "{BD025D57-F7EC-4B16-B7F1-649EDA0B16D2}"
EndProject
Project("{FAE04EC0-301F-11D3-BF4B-00C04F79EFBC}") = "BirraPoint.AppHost", "src\BirraPoint.AppHost\BirraPoint.AppHost.csproj", "{52D00EA8-3223-45DE-A179-BC4C332A55B8}"
EndProject
Project("{FAE04EC0-301F-11D3-BF4B-00C04F79EFBC}") = "BirraPoint.ServiceDefaults", "src\BirraPoint.ServiceDefaults\BirraPoint.ServiceDefaults.csproj", "{9A1D9FB5-9929-4D87-A975-BFBBD58F7BC9}"
EndProject
Global
	GlobalSection(SolutionConfigurationPlatforms) = preSolution
		Debug|Any CPU = Debug|Any CPU
		Debug|x64 = Debug|x64
		Debug|x86 = Debug|x86
		Release|Any CPU = Release|Any CPU
		Release|x64 = Release|x64
		Release|x86 = Release|x86
	EndGlobalSection
	GlobalSection(ProjectConfigurationPlatforms) = postSolution
		{FCC7A73F-2D4F-4FBA-A08F-33E50F8E3CA1}.Debug|Any CPU.ActiveCfg = Debug|Any CPU
		{FCC7A73F-2D4F-4FBA-A08F-33E50F8E3CA1}.Debug|Any CPU.Build.0 = Debug|Any CPU
		{FCC7A73F-2D4F-4FBA-A08F-33E50F8E3CA1}.Debug|x64.ActiveCfg = Debug|Any CPU
		{FCC7A73F-2D4F-4FBA-A08F-33E50F8E3CA1}.Debug|x64.Build.0 = Debug|Any CPU
		{FCC7A73F-2D4F-4FBA-A08F-33E50F8E3CA1}.Debug|x86.ActiveCfg = Debug|Any CPU
		{FCC7A73F-2D4F-4FBA-A08F-33E50F8E3CA1}.Debug|x86.Build.0 = Debug|Any CPU
		{FCC7A73F-2D4F-4FBA-A08F-33E50F8E3CA1}.Release|Any CPU.ActiveCfg = Release|Any CPU
		{FCC7A73F-2D4F-4FBA-A08F-33E50F8E3CA1}.Release|Any CPU.Build.0 = Release|Any CPU
		{FCC7A73F-2D4F-4FBA-A08F-33E50F8E3CA1}.Release|x64.ActiveCfg = Release|Any CPU
		{FCC7A73F-2D4F-4FBA-A08F-33E50F8E3CA1}.Release|x64.Build.0 = Release|Any CPU
		{FCC7A73F-2D4F-4FBA-A08F-33E50F8E3CA1}.Release|x86.ActiveCfg = Release|Any CPU
		{FCC7A73F-2D4F-4FBA-A08F-33E50F8E3CA1}.Release|x86.Build.0 = Release|Any CPU
		{AF10D0E1-62E5-467A-B5AE-FBA3E9C5D546}.Debug|Any CPU.ActiveCfg = Debug|Any CPU
		{AF10D0E1-62E5-467A-B5AE-FBA3E9C5D546}.Debug|Any CPU.Build.0 = Debug|Any CPU
		{AF10D0E1-62E5-467A-B5AE-FBA3E9C5D546}.Debug|x64.ActiveCfg = Debug|Any CPU
		{AF10D0E1-62E5-467A-B5AE-FBA3E9C5D546}.Debug|x64.Build.0 = Debug|Any CPU
		{AF10D0E1-62E5-467A-B5AE-FBA3E9C5D546}.Debug|x86.ActiveCfg = Debug|Any CPU
		{AF10D0E1-62E5-467A-B5AE-FBA3E9C5D546}.Debug|x86.Build.0 = Debug|Any CPU
		{AF10D0E1-62E5-467A-B5AE-FBA3E9C5D546}.Release|Any CPU.ActiveCfg = Release|Any CPU
		{AF10D0E1-62E5-467A-B5AE-FBA3E9C5D546}.Release|Any CPU.Build.0 = Release|Any CPU
		{AF10D0E1-62E5-467A-B5AE-FBA3E9C5D546}.Release|x64.ActiveCfg = Release|Any CPU
		{AF10D0E1-62E5-467A-B5AE-FBA3E9C5D546}.Release|x64.Build.0 = Release|Any CPU
		{AF10D0E1-62E5-467A-B5AE-FBA3E9C5D546}.Release|x86.ActiveCfg = Release|Any CPU
		{AF10D0E1-62E5-467A-B5AE-FBA3E9C5D546}.Release|x86.Build.0 = Release|Any CPU
		{BD025D57-F7EC-4B16-B7F1-649EDA0B16D2}.Debug|Any CPU.ActiveCfg = Debug|Any CPU
		{BD025D57-F7EC-4B16-B7F1-649EDA0B16D2}.Debug|Any CPU.Build.0 = Debug|Any CPU
		{BD025D57-F7EC-4B16-B7F1-649EDA0B16D2}.Debug|x64.ActiveCfg = Debug|Any CPU
		{BD025D57-F7EC-4B16-B7F1-649EDA0B16D2}.Debug|x64.Build.0 = Debug|Any CPU
		{BD025D57-F7EC-4B16-B7F1-649EDA0B16D2}.Debug|x86.ActiveCfg = Debug|Any CPU
		{BD025D57-F7EC-4B16-B7F1-649EDA0B16D2}.Debug|x86.Build.0 = Debug|Any CPU
		{BD025D57-F7EC-4B16-B7F1-649EDA0B16D2}.Release|Any CPU.ActiveCfg = Release|Any CPU
		{BD025D57-F7EC-4B16-B7F1-649EDA0B16D2}.Release|Any CPU.Build.0 = Release|Any CPU
		{BD025D57-F7EC-4B16-B7F1-649EDA0B16D2}.Release|x64.ActiveCfg = Release|Any CPU
		{BD025D57-F7EC-4B16-B7F1-649EDA0B16D2}.Release|x64.Build.0 = Release|Any CPU
		{BD025D57-F7EC-4B16-B7F1-649EDA0B16D2}.Release|x86.ActiveCfg = Release|Any CPU
		{BD025D57-F7EC-4B16-B7F1-649EDA0B16D2}.Release|x86.Build.0 = Release|Any CPU
		{52D00EA8-3223-45DE-A179-BC4C332A55B8}.Debug|Any CPU.ActiveCfg = Debug|Any CPU
		{52D00EA8-3223-45DE-A179-BC4C332A55B8}.Debug|Any CPU.Build.0 = Debug|Any CPU
		{52D00EA8-3223-45DE-A179-BC4C332A55B8}.Debug|x64.ActiveCfg = Debug|Any CPU
		{52D00EA8-3223-45DE-A179-BC4C332A55B8}.Debug|x64.Build.0 = Debug|Any CPU
		{52D00EA8-3223-45DE-A179-BC4C332A55B8}.Debug|x86.ActiveCfg = Debug|Any CPU
		{52D00EA8-3223-45DE-A179-BC4C332A55B8}.Debug|x86.Build.0 = Debug|Any CPU
		{52D00EA8-3223-45DE-A179-BC4C332A55B8}.Release|Any CPU.ActiveCfg = Release|Any CPU
		{52D00EA8-3223-45DE-A179-BC4C332A55B8}.Release|Any CPU.Build.0 = Release|Any CPU
		{52D00EA8-3223-45DE-A179-BC4C332A55B8}.Release|x64.ActiveCfg = Release|Any CPU
		{52D00EA8-3223-45DE-A179-BC4C332A55B8}.Release|x64.Build.0 = Release|Any CPU
		{52D00EA8-3223-45DE-A179-BC4C332A55B8}.Release|x86.ActiveCfg = Release|Any CPU
		{52D00EA8-3223-45DE-A179-BC4C332A55B8}.Release|x86.Build.0 = Release|Any CPU
		{9A1D9FB5-9929-4D87-A975-BFBBD58F7BC9}.Debug|Any CPU.ActiveCfg = Debug|Any CPU
		{9A1D9FB5-9929-4D87-A975-BFBBD58F7BC9}.Debug|Any CPU.Build.0 = Debug|Any CPU
		{9A1D9FB5-9929-4D87-A975-BFBBD58F7BC9}.Debug|x64.ActiveCfg = Debug|Any CPU
		{9A1D9FB5-9929-4D87-A975-BFBBD58F7BC9}.Debug|x64.Build.0 = Debug|Any CPU
		{9A1D9FB5-9929-4D87-A975-BFBBD58F7BC9}.Debug|x86.ActiveCfg = Debug|Any CPU
		{9A1D9FB5-9929-4D87-A975-BFBBD58F7BC9}.Debug|x86.Build.0 = Debug|Any CPU
		{9A1D9FB5-9929-4D87-A975-BFBBD58F7BC9}.Release|Any CPU.ActiveCfg = Release|Any CPU
		{9A1D9FB5-9929-4D87-A975-BFBBD58F7BC9}.Release|Any CPU.Build.0 = Release|Any CPU
		{9A1D9FB5-9929-4D87-A975-BFBBD58F7BC9}.Release|x64.ActiveCfg = Release|Any CPU
		{9A1D9FB5-9929-4D87-A975-BFBBD58F7BC9}.Release|x64.Build.0 = Release|Any CPU
		{9A1D9FB5-9929-4D87-A975-BFBBD58F7BC9}.Release|x86.ActiveCfg = Release|Any CPU
		{9A1D9FB5-9929-4D87-A975-BFBBD58F7BC9}.Release|x86.Build.0 = Release|Any CPU
	EndGlobalSection
	GlobalSection(SolutionProperties) = preSolution
		HideSolutionNode = FALSE
	EndGlobalSection
	GlobalSection(NestedProjects) = preSolution
		{FCC7A73F-2D4F-4FBA-A08F-33E50F8E3CA1} = {827E0CD3-B72D-47B6-A68D-7590B98EB39B}
		{AF10D0E1-62E5-467A-B5AE-FBA3E9C5D546} = {0AB3BF05-4346-4AA6-1389-037BE0695223}
		{BD025D57-F7EC-4B16-B7F1-649EDA0B16D2} = {0AB3BF05-4346-4AA6-1389-037BE0695223}
		{52D00EA8-3223-45DE-A179-BC4C332A55B8} = {827E0CD3-B72D-47B6-A68D-7590B98EB39B}
		{9A1D9FB5-9929-4D87-A975-BFBBD58F7BC9} = {827E0CD3-B72D-47B6-A68D-7590B98EB39B}
	EndGlobalSection
EndGlobal
